
Microsoft Visual Studio Solution File, Format Version 12.00
# Visual Studio Version 17
VisualStudioVersion = 17.5.002.0
MinimumVisualStudioVersion = 10.0.40219.1
Project("{9A19103F-16F7-4668-BE54-9A1E7A4F7556}") = "mensagen", "mensagen.csproj", "{AE092CFD-F69D-4592-8E63-F17491BB91A2}"
EndProject
Global
	GlobalSection(SolutionConfigurationPlatforms) = preSolution
		Debug|Any CPU = Debug|Any CPU
		Release|Any CPU = Release|Any CPU
	EndGlobalSection
	GlobalSection(ProjectConfigurationPlatforms) = postSolution
		{AE092CFD-F69D-4592-8E63-F17491BB91A2}.Debug|Any CPU.ActiveCfg = Debug|Any CPU
		{AE092CFD-F69D-4592-8E63-F17491BB91A2}.Debug|Any CPU.Build.0 = Debug|Any CPU
		{AE092CFD-F69D-4592-8E63-F17491BB91A2}.Release|Any CPU.ActiveCfg = Release|Any CPU
		{AE092CFD-F69D-4592-8E63-F17491BB91A2}.Release|Any CPU.Build.0 = Release|Any CPU
	EndGlobalSection
	GlobalSection(SolutionProperties) = preSolution
		HideSolutionNode = FALSE
	EndGlobalSection
	GlobalSection(ExtensibilityGlobals) = postSolution
		SolutionGuid = {092A9CF3-CE24-4B65-A5AE-A9016231A6ED}
	EndGlobalSection
EndGlobal
